Microsoft Visual Studio Solution File, Format Version 11.00
# Visual Studio 2008

Project("{82B5BF2B-C1DE-32B1-9A1D-58D92DC314D1}") = "newSBS", "Assembly-CSharp-firstpass.csproj", "{8C0D9E26-CD78-7F49-CBAB-0698C8A94DE0}"
EndProject
Project("{82B5BF2B-C1DE-32B1-9A1D-58D92DC314D1}") = "newSBS", "Assembly-CSharp.csproj", "{DDE117E6-D7E8-37EB-9F45-85919D0238D8}"
EndProject
Project("{82B5BF2B-C1DE-32B1-9A1D-58D92DC314D1}") = "newSBS", "Assembly-CSharp-Editor.csproj", "{90037A01-C20A-68E7-4326-32B57E3C35A9}"
EndProject
Project("{82B5BF2B-C1DE-32B1-9A1D-58D92DC314D1}") = "newSBS", "Assembly-UnityScript.unityproj", "{E7350D73-59CF-4B3B-F4CC-DD7D121864E1}"
EndProject
Global
	GlobalSection(SolutionConfigurationPlatforms) = preSolution
		Debug|Any CPU = Debug|Any CPU
		Release|Any CPU = Release|Any CPU
	EndGlobalSection
	GlobalSection(ProjectConfigurationPlatforms) = postSolution
		{8C0D9E26-CD78-7F49-CBAB-0698C8A94DE0}.Debug|Any CPU.ActiveCfg = Debug|Any CPU
		{8C0D9E26-CD78-7F49-CBAB-0698C8A94DE0}.Debug|Any CPU.Build.0 = Debug|Any CPU
		{8C0D9E26-CD78-7F49-CBAB-0698C8A94DE0}.Release|Any CPU.ActiveCfg = Release|Any CPU
		{8C0D9E26-CD78-7F49-CBAB-0698C8A94DE0}.Release|Any CPU.Build.0 = Release|Any CPU
		{DDE117E6-D7E8-37EB-9F45-85919D0238D8}.Debug|Any CPU.ActiveCfg = Debug|Any CPU
		{DDE117E6-D7E8-37EB-9F45-85919D0238D8}.Debug|Any CPU.Build.0 = Debug|Any CPU
		{DDE117E6-D7E8-37EB-9F45-85919D0238D8}.Release|Any CPU.ActiveCfg = Release|Any CPU
		{DDE117E6-D7E8-37EB-9F45-85919D0238D8}.Release|Any CPU.Build.0 = Release|Any CPU
		{90037A01-C20A-68E7-4326-32B57E3C35A9}.Debug|Any CPU.ActiveCfg = Debug|Any CPU
		{90037A01-C20A-68E7-4326-32B57E3C35A9}.Debug|Any CPU.Build.0 = Debug|Any CPU
		{90037A01-C20A-68E7-4326-32B57E3C35A9}.Release|Any CPU.ActiveCfg = Release|Any CPU
		{90037A01-C20A-68E7-4326-32B57E3C35A9}.Release|Any CPU.Build.0 = Release|Any CPU
		{E7350D73-59CF-4B3B-F4CC-DD7D121864E1}.Debug|Any CPU.ActiveCfg = Debug|Any CPU
		{E7350D73-59CF-4B3B-F4CC-DD7D121864E1}.Debug|Any CPU.Build.0 = Debug|Any CPU
		{E7350D73-59CF-4B3B-F4CC-DD7D121864E1}.Release|Any CPU.ActiveCfg = Release|Any CPU
		{E7350D73-59CF-4B3B-F4CC-DD7D121864E1}.Release|Any CPU.Build.0 = Release|Any CPU
	EndGlobalSection
	GlobalSection(SolutionProperties) = preSolution
		HideSolutionNode = FALSE
	EndGlobalSection
				GlobalSection(MonoDevelopProperties) = preSolution
		StartupItem = Assembly-CSharp.csproj
		Policies = $0
		$0.TextStylePolicy = $1
		$1.inheritsSet = null
		$1.scope = text/x-csharp
		$0.CSharpFormattingPolicy = $2
		$2.inheritsSet = Mono
		$2.inheritsScope = text/x-csharp
		$2.scope = text/x-csharp
		$0.TextStylePolicy = $3
		$3.FileWidth = 120
		$3.TabWidth = 4
		$3.IndentWidth = 4
		$3.EolMarker = Unix
		$3.inheritsSet = Mono
		$3.inheritsScope = text/plain
		$3.scope = text/plain
	EndGlobalSection

EndGlobal
